
Microsoft Visual Studio Solution File, Format Version 12.00
# Visual Studio Version 17
VisualStudioVersion = 17.14.36327.8 d17.14
MinimumVisualStudioVersion = 10.0.40219.1
Project("{FAE04EC0-301F-11D3-BF4B-00C04F79EFBC}") = "Flashcard", "Flashcard.csproj", "{99DA2BEA-07DD-45BC-B2B0-AF8225D86778}"
EndProject
Global
	GlobalSection(SolutionConfigurationPlatforms) = preSolution
		Debug|Any CPU = Debug|Any CPU
		Release|Any CPU = Release|Any CPU
	EndGlobalSection
	GlobalSection(ProjectConfigurationPlatforms) = postSolution
		{99DA2BEA-07DD-45BC-B2B0-AF8225D86778}.Debug|Any CPU.ActiveCfg = Debug|Any CPU
		{99DA2BEA-07DD-45BC-B2B0-AF8225D86778}.Debug|Any CPU.Build.0 = Debug|Any CPU
		{99DA2BEA-07DD-45BC-B2B0-AF8225D86778}.Debug|Any CPU.Deploy.0 = Debug|Any CPU
		{99DA2BEA-07DD-45BC-B2B0-AF8225D86778}.Release|Any CPU.ActiveCfg = Release|Any CPU
		{99DA2BEA-07DD-45BC-B2B0-AF8225D86778}.Release|Any CPU.Build.0 = Release|Any CPU
		{99DA2BEA-07DD-45BC-B2B0-AF8225D86778}.Release|Any CPU.Deploy.0 = Release|Any CPU
	EndGlobalSection
	GlobalSection(SolutionProperties) = preSolution
		HideSolutionNode = FALSE
	EndGlobalSection
	GlobalSection(ExtensibilityGlobals) = postSolution
		SolutionGuid = {2DC60E22-137E-4E0C-8507-B6F2D82C6CBE}
	EndGlobalSection
EndGlobal
